
Microsoft Visual Studio Solution File, Format Version 12.00
# Visual Studio Version 17
VisualStudioVersion = 17.7.34221.43
MinimumVisualStudioVersion = 10.0.40219.1
Project("{FAE04EC0-301F-11D3-BF4B-00C04F79EFBC}") = "PersonalInfo", "PersonalInfo\PersonalInfo.csproj", "{352D2ACE-AE9E-4769-88DE-B8294F5C80D8}"
EndProject
Global
	GlobalSection(SolutionConfigurationPlatforms) = preSolution
		Debug|Any CPU = Debug|Any CPU
		Release|Any CPU = Release|Any CPU
	EndGlobalSection
	GlobalSection(ProjectConfigurationPlatforms) = postSolution
		{352D2ACE-AE9E-4769-88DE-B8294F5C80D8}.Debug|Any CPU.ActiveCfg = Debug|Any CPU
		{352D2ACE-AE9E-4769-88DE-B8294F5C80D8}.Debug|Any CPU.Build.0 = Debug|Any CPU
		{352D2ACE-AE9E-4769-88DE-B8294F5C80D8}.Release|Any CPU.ActiveCfg = Release|Any CPU
		{352D2ACE-AE9E-4769-88DE-B8294F5C80D8}.Release|Any CPU.Build.0 = Release|Any CPU
	EndGlobalSection
	GlobalSection(SolutionProperties) = preSolution
		HideSolutionNode = FALSE
	EndGlobalSection
	GlobalSection(ExtensibilityGlobals) = postSolution
		SolutionGuid = {801ADDB6-DB0D-46CB-B981-36307925D68C}
	EndGlobalSection
EndGlobal
