
Microsoft Visual Studio Solution File, Format Version 12.00
# Visual Studio Version 17
VisualStudioVersion = 17.7.34221.43
MinimumVisualStudioVersion = 10.0.40219.1
Project("{FAE04EC0-301F-11D3-BF4B-00C04F79EFBC}") = "Contacts", "Contatcs\Contacts.csproj", "{F910C80F-0FC8-4844-91DB-E5F63B50E3BD}"
EndProject
Global
	GlobalSection(SolutionConfigurationPlatforms) = preSolution
		Debug|Any CPU = Debug|Any CPU
		Release|Any CPU = Release|Any CPU
	EndGlobalSection
	GlobalSection(ProjectConfigurationPlatforms) = postSolution
		{F910C80F-0FC8-4844-91DB-E5F63B50E3BD}.Debug|Any CPU.ActiveCfg = Debug|Any CPU
		{F910C80F-0FC8-4844-91DB-E5F63B50E3BD}.Debug|Any CPU.Build.0 = Debug|Any CPU
		{F910C80F-0FC8-4844-91DB-E5F63B50E3BD}.Release|Any CPU.ActiveCfg = Release|Any CPU
		{F910C80F-0FC8-4844-91DB-E5F63B50E3BD}.Release|Any CPU.Build.0 = Release|Any CPU
	EndGlobalSection
	GlobalSection(SolutionProperties) = preSolution
		HideSolutionNode = FALSE
	EndGlobalSection
	GlobalSection(ExtensibilityGlobals) = postSolution
		SolutionGuid = {1946487A-07D9-473F-9BA6-653912389E79}
	EndGlobalSection
EndGlobal
