
Microsoft Visual Studio Solution File, Format Version 12.00
# Visual Studio Version 17
VisualStudioVersion = 17.7.34221.43
MinimumVisualStudioVersion = 10.0.40219.1
Project("{FAE04EC0-301F-11D3-BF4B-00C04F79EFBC}") = "Lists", "Lists\Lists.csproj", "{519E9C78-C16A-4421-9B94-BE6E8A03527C}"
EndProject
Global
	GlobalSection(SolutionConfigurationPlatforms) = preSolution
		Debug|Any CPU = Debug|Any CPU
		Release|Any CPU = Release|Any CPU
	EndGlobalSection
	GlobalSection(ProjectConfigurationPlatforms) = postSolution
		{519E9C78-C16A-4421-9B94-BE6E8A03527C}.Debug|Any CPU.ActiveCfg = Debug|Any CPU
		{519E9C78-C16A-4421-9B94-BE6E8A03527C}.Debug|Any CPU.Build.0 = Debug|Any CPU
		{519E9C78-C16A-4421-9B94-BE6E8A03527C}.Release|Any CPU.ActiveCfg = Release|Any CPU
		{519E9C78-C16A-4421-9B94-BE6E8A03527C}.Release|Any CPU.Build.0 = Release|Any CPU
	EndGlobalSection
	GlobalSection(SolutionProperties) = preSolution
		HideSolutionNode = FALSE
	EndGlobalSection
	GlobalSection(ExtensibilityGlobals) = postSolution
		SolutionGuid = {B1638FF3-3142-4A39-9512-5B8C6EC5BDC2}
	EndGlobalSection
EndGlobal
