
Microsoft Visual Studio Solution File, Format Version 12.00
# Visual Studio Version 17
VisualStudioVersion = 17.7.34221.43
MinimumVisualStudioVersion = 10.0.40219.1
Project("{FAE04EC0-301F-11D3-BF4B-00C04F79EFBC}") = "IfStatementDemo", "IfStatementDemo\IfStatementDemo.csproj", "{4BDF4C95-1E61-4291-88F0-2D564D4DAC4C}"
EndProject
Global
	GlobalSection(SolutionConfigurationPlatforms) = preSolution
		Debug|Any CPU = Debug|Any CPU
		Release|Any CPU = Release|Any CPU
	EndGlobalSection
	GlobalSection(ProjectConfigurationPlatforms) = postSolution
		{4BDF4C95-1E61-4291-88F0-2D564D4DAC4C}.Debug|Any CPU.ActiveCfg = Debug|Any CPU
		{4BDF4C95-1E61-4291-88F0-2D564D4DAC4C}.Debug|Any CPU.Build.0 = Debug|Any CPU
		{4BDF4C95-1E61-4291-88F0-2D564D4DAC4C}.Release|Any CPU.ActiveCfg = Release|Any CPU
		{4BDF4C95-1E61-4291-88F0-2D564D4DAC4C}.Release|Any CPU.Build.0 = Release|Any CPU
	EndGlobalSection
	GlobalSection(SolutionProperties) = preSolution
		HideSolutionNode = FALSE
	EndGlobalSection
	GlobalSection(ExtensibilityGlobals) = postSolution
		SolutionGuid = {685231E8-C5D5-4DC5-841C-1DA49D59AE76}
	EndGlobalSection
EndGlobal
